
Microsoft Visual Studio Solution File, Format Version 12.00
# Visual Studio Version 17
VisualStudioVersion = 17.0.31903.59
MinimumVisualStudioVersion = 10.0.40219.1
Project("{FAE04EC0-301F-11D3-BF4B-00C04F79EFBC}") = "Cli", "Cli\Cli.csproj", "{A45ECF79-CF6A-4B28-B9B7-DACEA9816751}"
EndProject
Project("{FAE04EC0-301F-11D3-BF4B-00C04F79EFBC}") = "Contracts", "Contracts\Contracts.csproj", "{FAC7D307-1A8C-485D-BC67-054CE2B1C6EB}"
EndProject
Project("{FAE04EC0-301F-11D3-BF4B-00C04F79EFBC}") = "Data", "Data\Data.csproj", "{19F60888-AF6E-473C-9FB1-B33A513120AA}"
EndProject
Project("{FAE04EC0-301F-11D3-BF4B-00C04F79EFBC}") = "Github", "Github\Github.csproj", "{0D42E465-2EFC-49BF-AE2F-843C35C2DA38}"
EndProject
Project("{FAE04EC0-301F-11D3-BF4B-00C04F79EFBC}") = "Infrastructure", "Infrastructure\Infrastructure.csproj", "{E4164262-5FCC-4BAF-A95A-401122BAB0A5}"
EndProject
Project("{FAE04EC0-301F-11D3-BF4B-00C04F79EFBC}") = "SystemInfo", "SystemInfo\SystemInfo.csproj", "{89001E9E-FE09-4785-8BEF-A7524A68B1A1}"
EndProject
Project("{FAE04EC0-301F-11D3-BF4B-00C04F79EFBC}") = "Tests", "Tests\Tests.csproj", "{9D8716E6-86E1-4FD4-97DF-8DD6F2C7BC56}"
EndProject
Global
	GlobalSection(SolutionConfigurationPlatforms) = preSolution
		Debug|Any CPU = Debug|Any CPU
		Debug|x64 = Debug|x64
		Debug|x86 = Debug|x86
		Release|Any CPU = Release|Any CPU
		Release|x64 = Release|x64
		Release|x86 = Release|x86
	EndGlobalSection
	GlobalSection(ProjectConfigurationPlatforms) = postSolution
		{A45ECF79-CF6A-4B28-B9B7-DACEA9816751}.Debug|Any CPU.ActiveCfg = Debug|Any CPU
		{A45ECF79-CF6A-4B28-B9B7-DACEA9816751}.Debug|Any CPU.Build.0 = Debug|Any CPU
		{A45ECF79-CF6A-4B28-B9B7-DACEA9816751}.Debug|x64.ActiveCfg = Debug|Any CPU
		{A45ECF79-CF6A-4B28-B9B7-DACEA9816751}.Debug|x64.Build.0 = Debug|Any CPU
		{A45ECF79-CF6A-4B28-B9B7-DACEA9816751}.Debug|x86.ActiveCfg = Debug|Any CPU
		{A45ECF79-CF6A-4B28-B9B7-DACEA9816751}.Debug|x86.Build.0 = Debug|Any CPU
		{A45ECF79-CF6A-4B28-B9B7-DACEA9816751}.Release|Any CPU.ActiveCfg = Release|Any CPU
		{A45ECF79-CF6A-4B28-B9B7-DACEA9816751}.Release|Any CPU.Build.0 = Release|Any CPU
		{A45ECF79-CF6A-4B28-B9B7-DACEA9816751}.Release|x64.ActiveCfg = Release|Any CPU
		{A45ECF79-CF6A-4B28-B9B7-DACEA9816751}.Release|x64.Build.0 = Release|Any CPU
		{A45ECF79-CF6A-4B28-B9B7-DACEA9816751}.Release|x86.ActiveCfg = Release|Any CPU
		{A45ECF79-CF6A-4B28-B9B7-DACEA9816751}.Release|x86.Build.0 = Release|Any CPU
		{FAC7D307-1A8C-485D-BC67-054CE2B1C6EB}.Debug|Any CPU.ActiveCfg = Debug|Any CPU
		{FAC7D307-1A8C-485D-BC67-054CE2B1C6EB}.Debug|Any CPU.Build.0 = Debug|Any CPU
		{FAC7D307-1A8C-485D-BC67-054CE2B1C6EB}.Debug|x64.ActiveCfg = Debug|Any CPU
		{FAC7D307-1A8C-485D-BC67-054CE2B1C6EB}.Debug|x64.Build.0 = Debug|Any CPU
		{FAC7D307-1A8C-485D-BC67-054CE2B1C6EB}.Debug|x86.ActiveCfg = Debug|Any CPU
		{FAC7D307-1A8C-485D-BC67-054CE2B1C6EB}.Debug|x86.Build.0 = Debug|Any CPU
		{FAC7D307-1A8C-485D-BC67-054CE2B1C6EB}.Release|Any CPU.ActiveCfg = Release|Any CPU
		{FAC7D307-1A8C-485D-BC67-054CE2B1C6EB}.Release|Any CPU.Build.0 = Release|Any CPU
		{FAC7D307-1A8C-485D-BC67-054CE2B1C6EB}.Release|x64.ActiveCfg = Release|Any CPU
		{FAC7D307-1A8C-485D-BC67-054CE2B1C6EB}.Release|x64.Build.0 = Release|Any CPU
		{FAC7D307-1A8C-485D-BC67-054CE2B1C6EB}.Release|x86.ActiveCfg = Release|Any CPU
		{FAC7D307-1A8C-485D-BC67-054CE2B1C6EB}.Release|x86.Build.0 = Release|Any CPU
		{19F60888-AF6E-473C-9FB1-B33A513120AA}.Debug|Any CPU.ActiveCfg = Debug|Any CPU
		{19F60888-AF6E-473C-9FB1-B33A513120AA}.Debug|Any CPU.Build.0 = Debug|Any CPU
		{19F60888-AF6E-473C-9FB1-B33A513120AA}.Debug|x64.ActiveCfg = Debug|Any CPU
		{19F60888-AF6E-473C-9FB1-B33A513120AA}.Debug|x64.Build.0 = Debug|Any CPU
		{19F60888-AF6E-473C-9FB1-B33A513120AA}.Debug|x86.ActiveCfg = Debug|Any CPU
		{19F60888-AF6E-473C-9FB1-B33A513120AA}.Debug|x86.Build.0 = Debug|Any CPU
		{19F60888-AF6E-473C-9FB1-B33A513120AA}.Release|Any CPU.ActiveCfg = Release|Any CPU
		{19F60888-AF6E-473C-9FB1-B33A513120AA}.Release|Any CPU.Build.0 = Release|Any CPU
		{19F60888-AF6E-473C-9FB1-B33A513120AA}.Release|x64.ActiveCfg = Release|Any CPU
		{19F60888-AF6E-473C-9FB1-B33A513120AA}.Release|x64.Build.0 = Release|Any CPU
		{19F60888-AF6E-473C-9FB1-B33A513120AA}.Release|x86.ActiveCfg = Release|Any CPU
		{19F60888-AF6E-473C-9FB1-B33A513120AA}.Release|x86.Build.0 = Release|Any CPU
		{0D42E465-2EFC-49BF-AE2F-843C35C2DA38}.Debug|Any CPU.ActiveCfg = Debug|Any CPU
		{0D42E465-2EFC-49BF-AE2F-843C35C2DA38}.Debug|Any CPU.Build.0 = Debug|Any CPU
		{0D42E465-2EFC-49BF-AE2F-843C35C2DA38}.Debug|x64.ActiveCfg = Debug|Any CPU
		{0D42E465-2EFC-49BF-AE2F-843C35C2DA38}.Debug|x64.Build.0 = Debug|Any CPU
		{0D42E465-2EFC-49BF-AE2F-843C35C2DA38}.Debug|x86.ActiveCfg = Debug|Any CPU
		{0D42E465-2EFC-49BF-AE2F-843C35C2DA38}.Debug|x86.Build.0 = Debug|Any CPU
		{0D42E465-2EFC-49BF-AE2F-843C35C2DA38}.Release|Any CPU.ActiveCfg = Release|Any CPU
		{0D42E465-2EFC-49BF-AE2F-843C35C2DA38}.Release|Any CPU.Build.0 = Release|Any CPU
		{0D42E465-2EFC-49BF-AE2F-843C35C2DA38}.Release|x64.ActiveCfg = Release|Any CPU
		{0D42E465-2EFC-49BF-AE2F-843C35C2DA38}.Release|x64.Build.0 = Release|Any CPU
		{0D42E465-2EFC-49BF-AE2F-843C35C2DA38}.Release|x86.ActiveCfg = Release|Any CPU
		{0D42E465-2EFC-49BF-AE2F-843C35C2DA38}.Release|x86.Build.0 = Release|Any CPU
		{E4164262-5FCC-4BAF-A95A-401122BAB0A5}.Debug|Any CPU.ActiveCfg = Debug|Any CPU
		{E4164262-5FCC-4BAF-A95A-401122BAB0A5}.Debug|Any CPU.Build.0 = Debug|Any CPU
		{E4164262-5FCC-4BAF-A95A-401122BAB0A5}.Debug|x64.ActiveCfg = Debug|Any CPU
		{E4164262-5FCC-4BAF-A95A-401122BAB0A5}.Debug|x64.Build.0 = Debug|Any CPU
		{E4164262-5FCC-4BAF-A95A-401122BAB0A5}.Debug|x86.ActiveCfg = Debug|Any CPU
		{E4164262-5FCC-4BAF-A95A-401122BAB0A5}.Debug|x86.Build.0 = Debug|Any CPU
		{E4164262-5FCC-4BAF-A95A-401122BAB0A5}.Release|Any CPU.ActiveCfg = Release|Any CPU
		{E4164262-5FCC-4BAF-A95A-401122BAB0A5}.Release|Any CPU.Build.0 = Release|Any CPU
		{E4164262-5FCC-4BAF-A95A-401122BAB0A5}.Release|x64.ActiveCfg = Release|Any CPU
		{E4164262-5FCC-4BAF-A95A-401122BAB0A5}.Release|x64.Build.0 = Release|Any CPU
		{E4164262-5FCC-4BAF-A95A-401122BAB0A5}.Release|x86.ActiveCfg = Release|Any CPU
		{E4164262-5FCC-4BAF-A95A-401122BAB0A5}.Release|x86.Build.0 = Release|Any CPU
		{89001E9E-FE09-4785-8BEF-A7524A68B1A1}.Debug|Any CPU.ActiveCfg = Debug|Any CPU
		{89001E9E-FE09-4785-8BEF-A7524A68B1A1}.Debug|Any CPU.Build.0 = Debug|Any CPU
		{89001E9E-FE09-4785-8BEF-A7524A68B1A1}.Debug|x64.ActiveCfg = Debug|Any CPU
		{89001E9E-FE09-4785-8BEF-A7524A68B1A1}.Debug|x64.Build.0 = Debug|Any CPU
		{89001E9E-FE09-4785-8BEF-A7524A68B1A1}.Debug|x86.ActiveCfg = Debug|Any CPU
		{89001E9E-FE09-4785-8BEF-A7524A68B1A1}.Debug|x86.Build.0 = Debug|Any CPU
		{89001E9E-FE09-4785-8BEF-A7524A68B1A1}.Release|Any CPU.ActiveCfg = Release|Any CPU
		{89001E9E-FE09-4785-8BEF-A7524A68B1A1}.Release|Any CPU.Build.0 = Release|Any CPU
		{89001E9E-FE09-4785-8BEF-A7524A68B1A1}.Release|x64.ActiveCfg = Release|Any CPU
		{89001E9E-FE09-4785-8BEF-A7524A68B1A1}.Release|x64.Build.0 = Release|Any CPU
		{89001E9E-FE09-4785-8BEF-A7524A68B1A1}.Release|x86.ActiveCfg = Release|Any CPU
		{89001E9E-FE09-4785-8BEF-A7524A68B1A1}.Release|x86.Build.0 = Release|Any CPU
		{9D8716E6-86E1-4FD4-97DF-8DD6F2C7BC56}.Debug|Any CPU.ActiveCfg = Debug|Any CPU
		{9D8716E6-86E1-4FD4-97DF-8DD6F2C7BC56}.Debug|Any CPU.Build.0 = Debug|Any CPU
		{9D8716E6-86E1-4FD4-97DF-8DD6F2C7BC56}.Debug|x64.ActiveCfg = Debug|Any CPU
		{9D8716E6-86E1-4FD4-97DF-8DD6F2C7BC56}.Debug|x64.Build.0 = Debug|Any CPU
		{9D8716E6-86E1-4FD4-97DF-8DD6F2C7BC56}.Debug|x86.ActiveCfg = Debug|Any CPU
		{9D8716E6-86E1-4FD4-97DF-8DD6F2C7BC56}.Debug|x86.Build.0 = Debug|Any CPU
		{9D8716E6-86E1-4FD4-97DF-8DD6F2C7BC56}.Release|Any CPU.ActiveCfg = Release|Any CPU
		{9D8716E6-86E1-4FD4-97DF-8DD6F2C7BC56}.Release|Any CPU.Build.0 = Release|Any CPU
		{9D8716E6-86E1-4FD4-97DF-8DD6F2C7BC56}.Release|x64.ActiveCfg = Release|Any CPU
		{9D8716E6-86E1-4FD4-97DF-8DD6F2C7BC56}.Release|x64.Build.0 = Release|Any CPU
		{9D8716E6-86E1-4FD4-97DF-8DD6F2C7BC56}.Release|x86.ActiveCfg = Release|Any CPU
		{9D8716E6-86E1-4FD4-97DF-8DD6F2C7BC56}.Release|x86.Build.0 = Release|Any CPU
	EndGlobalSection
	GlobalSection(SolutionProperties) = preSolution
		HideSolutionNode = FALSE
	EndGlobalSection
EndGlobal
